
Microsoft Visual Studio Solution File, Format Version 12.00
# Visual Studio 14
VisualStudioVersion = 14.0.25420.1
MinimumVisualStudioVersion = 10.0.40219.1
Project("{FAE04EC0-301F-11D3-BF4B-00C04F79EFBC}") = "ChurchWebServer", "ChurchWebServer\ChurchWebServer.csproj", "{D60429B2-65DE-4DBA-A940-462DB7F4F030}"
EndProject
Project("{2150E333-8FDC-42A3-9474-1A3956D46DE8}") = "HTML", "HTML", "{4DC7EEEF-BBB1-49B4-8278-EB0B19F71977}"
	ProjectSection(SolutionItems) = preProject
		2048.html = 2048.html
		addperson_form.html = addperson_form.html
		audio.html = audio.html
		databasepage.html = databasepage.html
		groupes_connexion.html = groupes_connexion.html
		index.html = index.html
		person_edit_form.html = person_edit_form.html
		person_form.html = person_form.html
		person_view.html = person_view.html
		petits_groupes.html = petits_groupes.html
		topnavigationbar.html = topnavigationbar.html
	EndProjectSection
EndProject
Project("{2150E333-8FDC-42A3-9474-1A3956D46DE8}") = "JS", "JS", "{FF4A55EE-C743-4F28-BAC1-90C3C3BED722}"
	ProjectSection(SolutionItems) = preProject
		js\addperson_form.js = js\addperson_form.js
		js\audio_page.js = js\audio_page.js
		js\databasepage.js = js\databasepage.js
		js\groupes_connexion.js = js\groupes_connexion.js
		js\navbar.js = js\navbar.js
		js\person_edit_form.js = js\person_edit_form.js
		js\person_form.js = js\person_form.js
		js\person_view.js = js\person_view.js
		js\petits_groupes.js = js\petits_groupes.js
		js\script.js = js\script.js
	EndProjectSection
EndProject
Project("{2150E333-8FDC-42A3-9474-1A3956D46DE8}") = "CSS", "CSS", "{BFFC4CEC-96D6-49A8-B4F6-50A6C7D7DF61}"
	ProjectSection(SolutionItems) = preProject
		css\addperson_form.css = css\addperson_form.css
		css\form.css = css\form.css
		css\general.css = css\general.css
		css\navbar.css = css\navbar.css
		css\page.css = css\page.css
		css\personform.css = css\personform.css
		css\personview.css = css\personview.css
		css\petits_groupes.css = css\petits_groupes.css
		css\sidebar.css = css\sidebar.css
		css\styles.css = css\styles.css
	EndProjectSection
EndProject
Project("{2150E333-8FDC-42A3-9474-1A3956D46DE8}") = "Solution Items", "Solution Items", "{3215AE7E-A300-4649-9E8A-BDDF44FC1A8C}"
	ProjectSection(SolutionItems) = preProject
		..\README.md = ..\README.md
	EndProjectSection
EndProject
Global
	GlobalSection(SolutionConfigurationPlatforms) = preSolution
		Debug|Any CPU = Debug|Any CPU
		Release|Any CPU = Release|Any CPU
	EndGlobalSection
	GlobalSection(ProjectConfigurationPlatforms) = postSolution
		{D60429B2-65DE-4DBA-A940-462DB7F4F030}.Debug|Any CPU.ActiveCfg = Debug|Any CPU
		{D60429B2-65DE-4DBA-A940-462DB7F4F030}.Debug|Any CPU.Build.0 = Debug|Any CPU
		{D60429B2-65DE-4DBA-A940-462DB7F4F030}.Release|Any CPU.ActiveCfg = Release|Any CPU
		{D60429B2-65DE-4DBA-A940-462DB7F4F030}.Release|Any CPU.Build.0 = Release|Any CPU
	EndGlobalSection
	GlobalSection(SolutionProperties) = preSolution
		HideSolutionNode = FALSE
	EndGlobalSection
EndGlobal
